// !$*UTF8*$!
{
	archiveVersion = 1;
	classes = {
	};
	objectVersion = 46;
	objects = {

/* Begin PBXBuildFile section */
		11A087081CE2FB390006D2D3 /* AppDelegate.swift in Sources */ = {isa = PBXBuildFile; fileRef = 11A087071CE2FB390006D2D3 /* AppDelegate.swift */; };
		11A0870A1CE2FB390006D2D3 /* ViewController.swift in Sources */ = {isa = PBXBuildFile; fileRef = 11A087091CE2FB390006D2D3 /* ViewController.swift */; };
		11A0870D1CE2FB390006D2D3 /* Main.storyboard in Resources */ = {isa = PBXBuildFile; fileRef = 11A0870B1CE2FB390006D2D3 /* Main.storyboard */; };
		11A0870F1CE2FB390006D2D3 /* Assets.xcassets in Resources */ = {isa = PBXBuildFile; fileRef = 11A0870E1CE2FB390006D2D3 /* Assets.xcassets */; };
		11A087121CE2FB390006D2D3 /* LaunchScreen.storyboard in Resources */ = {isa = PBXBuildFile; fileRef = 11A087101CE2FB390006D2D3 /* LaunchScreen.storyboard */; };
		11A0871D1CE2FB390006D2D3 /* BanYuanProgressTests.swift in Sources */ = {isa = PBXBuildFile; fileRef = 11A0871C1CE2FB390006D2D3 /* BanYuanProgressTests.swift */; };
		11A087281CE2FB390006D2D3 /* BanYuanProgressUITests.swift in Sources */ = {isa = PBXBuildFile; fileRef = 11A087271CE2FB390006D2D3 /* BanYuanProgressUITests.swift */; };
		11A087361CE2FB8C0006D2D3 /* BanYuanProgress.swift in Sources */ = {isa = PBXBuildFile; fileRef = 11A087351CE2FB8B0006D2D3 /* BanYuanProgress.swift */; };
/* End PBXBuildFile section */

/* Begin PBXContainerItemProxy section */
		11A087191CE2FB390006D2D3 /* PBXContainerItemProxy */ = {
			isa = PBXContainerItemProxy;
			containerPortal = 11A086FC1CE2FB390006D2D3 /* Project object */;
			proxyType = 1;
			remoteGlobalIDString = 11A087031CE2FB390006D2D3;
			remoteInfo = BanYuanProgress;
		};
		11A087241CE2FB390006D2D3 /* PBXContainerItemProxy */ = {
			isa = PBXContainerItemProxy;
			containerPortal = 11A086FC1CE2FB390006D2D3 /* Project object */;
			proxyType = 1;
			remoteGlobalIDString = 11A087031CE2FB390006D2D3;
			remoteInfo = BanYuanProgress;
		};
/* End PBXContainerItemProxy section */

/* Begin PBXFileReference section */
		11A087041CE2FB390006D2D3 /* BanYuanProgress.app */ = {isa = PBXFileReference; explicitFileType = wrapper.application; includeInIndex = 0; path = BanYuanProgress.app; sourceTree = BUILT_PRODUCTS_DIR; };
		11A087071CE2FB390006D2D3 /* AppDelegate.swift */ = {isa = PBXFileReference; lastKnownFileType = sourcecode.swift; path = AppDelegate.swift; sourceTree = "<group>"; };
		11A087091CE2FB390006D2D3 /* ViewController.swift */ = {isa = PBXFileReference; lastKnownFileType = sourcecode.swift; path = ViewController.swift; sourceTree = "<group>"; };
		11A0870C1CE2FB390006D2D3 /* Base */ = {isa = PBXFileReference; lastKnownFileType = file.storyboard; name = Base; path = Base.lproj/Main.storyboard; sourceTree = "<group>"; };
		11A0870E1CE2FB390006D2D3 /* Assets.xcassets */ = {isa = PBXFileReference; lastKnownFileType = folder.assetcatalog; path = Assets.xcassets; sourceTree = "<group>"; };
		11A087111CE2FB390006D2D3 /* Base */ = {isa = PBXFileReference; lastKnownFileType = file.storyboard; name = Base; path = Base.lproj/LaunchScreen.storyboard; sourceTree = "<group>"; };
		11A087131CE2FB390006D2D3 /* Info.plist */ = {isa = PBXFileReference; lastKnownFileType = text.plist.xml; path = Info.plist; sourceTree = "<group>"; };
		11A087181CE2FB390006D2D3 /* BanYuanProgressTests.xctest */ = {isa = PBXFileReference; explicitFileType = wrapper.cfbundle; includeInIndex = 0; path = BanYuanProgressTests.xctest; sourceTree = BUILT_PRODUCTS_DIR; };
		11A0871C1CE2FB390006D2D3 /* BanYuanProgressTests.swift */ = {isa = PBXFileReference; lastKnownFileType = sourcecode.swift; path = BanYuanProgressTests.swift; sourceTree = "<group>"; };
		11A0871E1CE2FB390006D2D3 /* Info.plist */ = {isa = PBXFileReference; lastKnownFileType = text.plist.xml; path = Info.plist; sourceTree = "<group>"; };
		11A087231CE2FB390006D2D3 /* BanYuanProgressUITests.xctest */ = {isa = PBXFileReference; explicitFileType = wrapper.cfbundle; includeInIndex = 0; path = BanYuanProgressUITests.xctest; sourceTree = BUILT_PRODUCTS_DIR; };
		11A087271CE2FB390006D2D3 /* BanYuanProgressUITests.swift */ = {isa = PBXFileReference; lastKnownFileType = sourcecode.swift; path = BanYuanProgressUITests.swift; sourceTree = "<group>"; };
		11A087291CE2FB390006D2D3 /* Info.plist */ = {isa = PBXFileReference; lastKnownFileType = text.plist.xml; path = Info.plist; sourceTree = "<group>"; };
		11A087351CE2FB8B0006D2D3 /* BanYuanProgress.swift */ = {isa = PBXFileReference; fileEncoding = 4; lastKnownFileType = sourcecode.swift; path = BanYuanProgress.swift; sourceTree = "<group>"; };
/* End PBXFileReference section */

/* Begin PBXFrameworksBuildPhase section */
		11A087011CE2FB390006D2D3 /* Frameworks */ = {
			isa = PBXFrameworksBuildPhase;
			buildActionMask = 2147483647;
			files = (
			);
			runOnlyForDeploymentPostprocessing = 0;
		};
		11A087151CE2FB390006D2D3 /* Frameworks */ = {
			isa = PBXFrameworksBuildPhase;
			buildActionMask = 2147483647;
			files = (
			);
			runOnlyForDeploymentPostprocessing = 0;
		};
		11A087201CE2FB390006D2D3 /* Frameworks */ = {
			isa = PBXFrameworksBuildPhase;
			buildActionMask = 2147483647;
			files = (
			);
			runOnlyForDeploymentPostprocessing = 0;
		};
/* End PBXFrameworksBuildPhase section */

/* Begin PBXGroup section */
		11A086FB1CE2FB390006D2D3 = {
			isa = PBXGroup;
			children = (
				11A087061CE2FB390006D2D3 /* BanYuanProgress */,
				11A0871B1CE2FB390006D2D3 /* BanYuanProgressTests */,
				11A087261CE2FB390006D2D3 /* BanYuanProgressUITests */,
				11A087051CE2FB390006D2D3 /* Products */,
			);
			sourceTree = "<group>";
		};
		11A087051CE2FB390006D2D3 /* Products */ = {
			isa = PBXGroup;
			children = (
				11A087041CE2FB390006D2D3 /* BanYuanProgress.app */,
				11A087181CE2FB390006D2D3 /* BanYuanProgressTests.xctest */,
				11A087231CE2FB390006D2D3 /* BanYuanProgressUITests.xctest */,
			);
			name = Products;
			sourceTree = "<group>";
		};
		11A087061CE2FB390006D2D3 /* BanYuanProgress */ = {
			isa = PBXGroup;
			children = (
				11A087071CE2FB390006D2D3 /* AppDelegate.swift */,
				11A087091CE2FB390006D2D3 /* ViewController.swift */,
				11A0870B1CE2FB390006D2D3 /* Main.storyboard */,
				11A087351CE2FB8B0006D2D3 /* BanYuanProgress.swift */,
				11A0870E1CE2FB390006D2D3 /* Assets.xcassets */,
				11A087101CE2FB390006D2D3 /* LaunchScreen.storyboard */,
				11A087131CE2FB390006D2D3 /* Info.plist */,
			);
			path = BanYuanProgress;
			sourceTree = "<group>";
		};
		11A0871B1CE2FB390006D2D3 /* BanYuanProgressTests */ = {
			isa = PBXGroup;
			children = (
				11A0871C1CE2FB390006D2D3 /* BanYuanProgressTests.swift */,
				11A0871E1CE2FB390006D2D3 /* Info.plist */,
			);
			path = BanYuanProgressTests;
			sourceTree = "<group>";
		};
		11A087261CE2FB390006D2D3 /* BanYuanProgressUITests */ = {
			isa = PBXGroup;
			children = (
				11A087271CE2FB390006D2D3 /* BanYuanProgressUITests.swift */,
				11A087291CE2FB390006D2D3 /* Info.plist */,
			);
			path = BanYuanProgressUITests;
			sourceTree = "<group>";
		};
/* End PBXGroup section */

/* Begin PBXNativeTarget section */
		11A087031CE2FB390006D2D3 /* BanYuanProgress */ = {
			isa = PBXNativeTarget;
			buildConfigurationList = 11A0872C1CE2FB390006D2D3 /* Build configuration list for PBXNativeTarget "BanYuanProgress" */;
			buildPhases = (
				11A087001CE2FB390006D2D3 /* Sources */,
				11A087011CE2FB390006D2D3 /* Frameworks */,
				11A087021CE2FB390006D2D3 /* Resources */,
			);
			buildRules = (
			);
			dependencies = (
			);
			name = BanYuanProgress;
			productName = BanYuanProgress;
			productReference = 11A087041CE2FB390006D2D3 /* BanYuanProgress.app */;
			productType = "com.apple.product-type.application";
		};
		11A087171CE2FB390006D2D3 /* BanYuanProgressTests */ = {
			isa = PBXNativeTarget;
			buildConfigurationList = 11A0872F1CE2FB390006D2D3 /* Build configuration list for PBXNativeTarget "BanYuanProgressTests" */;
			buildPhases = (
				11A087141CE2FB390006D2D3 /* Sources */,
				11A087151CE2FB390006D2D3 /* Frameworks */,
				11A087161CE2FB390006D2D3 /* Resources */,
			);
			buildRules = (
			);
			dependencies = (
				11A0871A1CE2FB390006D2D3 /* PBXTargetDependency */,
			);
			name = BanYuanProgressTests;
			productName = BanYuanProgressTests;
			productReference = 11A087181CE2FB390006D2D3 /* BanYuanProgressTests.xctest */;
			productType = "com.apple.product-type.bundle.unit-test";
		};
		11A087221CE2FB390006D2D3 /* BanYuanProgressUITests */ = {
			isa = PBXNativeTarget;
			buildConfigurationList = 11A087321CE2FB390006D2D3 /* Build configuration list for PBXNativeTarget "BanYuanProgressUITests" */;
			buildPhases = (
				11A0871F1CE2FB390006D2D3 /* Sources */,
				11A087201CE2FB390006D2D3 /* Frameworks */,
				11A087211CE2FB390006D2D3 /* Resources */,
			);
			buildRules = (
			);
			dependencies = (
				11A087251CE2FB390006D2D3 /* PBXTargetDependency */,
			);
			name = BanYuanProgressUITests;
			productName = BanYuanProgressUITests;
			productReference = 11A087231CE2FB390006D2D3 /* BanYuanProgressUITests.xctest */;
			productType = "com.apple.product-type.bundle.ui-testing";
		};
/* End PBXNativeTarget section */

/* Begin PBXProject section */
		11A086FC1CE2FB390006D2D3 /* Project object */ = {
			isa = PBXProject;
			attributes = {
				LastSwiftUpdateCheck = 0720;
				LastUpgradeCheck = 0720;
				ORGANIZATIONNAME = wangmengmian;
				TargetAttributes = {
					11A087031CE2FB390006D2D3 = {
						CreatedOnToolsVersion = 7.2.1;
						DevelopmentTeam = D2EWB8EXPP;
					};
					11A087171CE2FB390006D2D3 = {
						CreatedOnToolsVersion = 7.2.1;
						TestTargetID = 11A087031CE2FB390006D2D3;
					};
					11A087221CE2FB390006D2D3 = {
						CreatedOnToolsVersion = 7.2.1;
						TestTargetID = 11A087031CE2FB390006D2D3;
					};
				};
			};
			buildConfigurationList = 11A086FF1CE2FB390006D2D3 /* Build configuration list for PBXProject "BanYuanProgress" */;
			compatibilityVersion = "Xcode 3.2";
			developmentRegion = English;
			hasScannedForEncodings = 0;
			knownRegions = (
				en,
				Base,
			);
			mainGroup = 11A086FB1CE2FB390006D2D3;
			productRefGroup = 11A087051CE2FB390006D2D3 /* Products */;
			projectDirPath = "";
			projectRoot = "";
			targets = (
				11A087031CE2FB390006D2D3 /* BanYuanProgress */,
				11A087171CE2FB390006D2D3 /* BanYuanProgressTests */,
				11A087221CE2FB390006D2D3 /* BanYuanProgressUITests */,
			);
		};
/* End PBXProject section */

/* Begin PBXResourcesBuildPhase section */
		11A087021CE2FB390006D2D3 /* Resources */ = {
			isa = PBXResourcesBuildPhase;
			buildActionMask = 2147483647;
			files = (
				11A087121CE2FB390006D2D3 /* LaunchScreen.storyboard in Resources */,
				11A0870F1CE2FB390006D2D3 /* Assets.xcassets in Resources */,
				11A0870D1CE2FB390006D2D3 /* Main.storyboard in Resources */,
			);
			runOnlyForDeploymentPostprocessing = 0;
		};
		11A087161CE2FB390006D2D3 /* Resources */ = {
			isa = PBXResourcesBuildPhase;
			buildActionMask = 2147483647;
			files = (
			);
			runOnlyForDeploymentPostprocessing = 0;
		};
		11A087211CE2FB390006D2D3 /* Resources */ = {
			isa = PBXResourcesBuildPhase;
			buildActionMask = 2147483647;
			files = (
			);
			runOnlyForDeploymentPostprocessing = 0;
		};
/* End PBXResourcesBuildPhase section */

/* Begin PBXSourcesBuildPhase section */
		11A087001CE2FB390006D2D3 /* Sources */ = {
			isa = PBXSourcesBuildPhase;
			buildActionMask = 2147483647;
			files = (
				11A0870A1CE2FB390006D2D3 /* ViewController.swift in Sources */,
				11A087081CE2FB390006D2D3 /* AppDelegate.swift in Sources */,
				11A087361CE2FB8C0006D2D3 /* BanYuanProgress.swift in Sources */,
			);
			runOnlyForDeploymentPostprocessing = 0;
		};
		11A087141CE2FB390006D2D3 /* Sources */ = {
			isa = PBXSourcesBuildPhase;
			buildActionMask = 2147483647;
			files = (
				11A0871D1CE2FB390006D2D3 /* BanYuanProgressTests.swift in Sources */,
			);
			runOnlyForDeploymentPostprocessing = 0;
		};
		11A0871F1CE2FB390006D2D3 /* Sources */ = {
			isa = PBXSourcesBuildPhase;
			buildActionMask = 2147483647;
			files = (
				11A087281CE2FB390006D2D3 /* BanYuanProgressUITests.swift in Sources */,
			);
			runOnlyForDeploymentPostprocessing = 0;
		};
/* End PBXSourcesBuildPhase section */

/* Begin PBXTargetDependency section */
		11A0871A1CE2FB390006D2D3 /* PBXTargetDependency */ = {
			isa = PBXTargetDependency;
			target = 11A087031CE2FB390006D2D3 /* BanYuanProgress */;
			targetProxy = 11A087191CE2FB390006D2D3 /* PBXContainerItemProxy */;
		};
		11A087251CE2FB390006D2D3 /* PBXTargetDependency */ = {
			isa = PBXTargetDependency;
			target = 11A087031CE2FB390006D2D3 /* BanYuanProgress */;
			targetProxy = 11A087241CE2FB390006D2D3 /* PBXContainerItemProxy */;
		};
/* End PBXTargetDependency section */

/* Begin PBXVariantGroup section */
		11A0870B1CE2FB390006D2D3 /* Main.storyboard */ = {
			isa = PBXVariantGroup;
			children = (
				11A0870C1CE2FB390006D2D3 /* Base */,
			);
			name = Main.storyboard;
			sourceTree = "<group>";
		};
		11A087101CE2FB390006D2D3 /* LaunchScreen.storyboard */ = {
			isa = PBXVariantGroup;
			children = (
				11A087111CE2FB390006D2D3 /* Base */,
			);
			name = LaunchScreen.storyboard;
			sourceTree = "<group>";
		};
/* End PBXVariantGroup section */

/* Begin XCBuildConfiguration section */
		11A0872A1CE2FB390006D2D3 /* Debug */ = {
			isa = XCBuildConfiguration;
			buildSettings = {
				ALWAYS_SEARCH_USER_PATHS = NO;
				CLANG_CXX_LANGUAGE_STANDARD = "gnu++0x";
				CLANG_CXX_LIBRARY = "libc++";
				CLANG_ENABLE_MODULES = YES;
				CLANG_ENABLE_OBJC_ARC = YES;
				CLANG_WARN_BOOL_CONVERSION = YES;
				CLANG_WARN_CONSTANT_CONVERSION = YES;
				CLANG_WARN_DIRECT_OBJC_ISA_USAGE = YES_ERROR;
				CLANG_WARN_EMPTY_BODY = YES;
				CLANG_WARN_ENUM_CONVERSION = YES;
				CLANG_WARN_INT_CONVERSION = YES;
				CLANG_WARN_OBJC_ROOT_CLASS = YES_ERROR;
				CLANG_WARN_UNREACHABLE_CODE = YES;
				CLANG_WARN__DUPLICATE_METHOD_MATCH = YES;
				"CODE_SIGN_IDENTITY[sdk=iphoneos*]" = "iPhone Developer";
				COPY_PHASE_STRIP = NO;
				DEBUG_INFORMATION_FORMAT = dwarf;
				ENABLE_STRICT_OBJC_MSGSEND = YES;
				ENABLE_TESTABILITY = YES;
				GCC_C_LANGUAGE_STANDARD = gnu99;
				GCC_DYNAMIC_NO_PIC = NO;
				GCC_NO_COMMON_BLOCKS = YES;
				GCC_OPTIMIZATION_LEVEL = 0;
				GCC_PREPROCESSOR_DEFINITIONS = (
					"DEBUG=1",
					"$(inherited)",
				);
				GCC_WARN_64_TO_32_BIT_CONVERSION = YES;
				GCC_WARN_ABOUT_RETURN_TYPE = YES_ERROR;
				GCC_WARN_UNDECLARED_SELECTOR = YES;
				GCC_WARN_UNINITIALIZED_AUTOS = YES_AGGRESSIVE;
				GCC_WARN_UNUSED_FUNCTION = YES;
				GCC_WARN_UNUSED_VARIABLE = YES;
				IPHONEOS_DEPLOYMENT_TARGET = 9.2;
				MTL_ENABLE_DEBUG_INFO = YES;
				ONLY_ACTIVE_ARCH = YES;
				SDKROOT = iphoneos;
				SWIFT_OPTIMIZATION_LEVEL = "-Onone";
			};
			name = Debug;
		};
		11A0872B1CE2FB390006D2D3 /* Release */ = {
			isa = XCBuildConfiguration;
			buildSettings = {
				ALWAYS_SEARCH_USER_PATHS = NO;
				CLANG_CXX_LANGUAGE_STANDARD = "gnu++0x";
				CLANG_CXX_LIBRARY = "libc++";
				CLANG_ENABLE_MODULES = YES;
				CLANG_ENABLE_OBJC_ARC = YES;
				CLANG_WARN_BOOL_CONVERSION = YES;
				CLANG_WARN_CONSTANT_CONVERSION = YES;
				CLANG_WARN_DIRECT_OBJC_ISA_USAGE = YES_ERROR;
				CLANG_WARN_EMPTY_BODY = YES;
				CLANG_WARN_ENUM_CONVERSION = YES;
				CLANG_WARN_INT_CONVERSION = YES;
				CLANG_WARN_OBJC_ROOT_CLASS = YES_ERROR;
				CLANG_WARN_UNREACHABLE_CODE = YES;
				CLANG_WARN__DUPLICATE_METHOD_MATCH = YES;
				"CODE_SIGN_IDENTITY[sdk=iphoneos*]" = "iPhone Developer";
				COPY_PHASE_STRIP = NO;
				DEBUG_INFORMATION_FORMAT = "dwarf-with-dsym";
				ENABLE_NS_ASSERTIONS = NO;
				ENABLE_STRICT_OBJC_MSGSEND = YES;
				GCC_C_LANGUAGE_STANDARD = gnu99;
				GCC_NO_COMMON_BLOCKS = YES;
				GCC_WARN_64_TO_32_BIT_CONVERSION = YES;
				GCC_WARN_ABOUT_RETURN_TYPE = YES_ERROR;
				GCC_WARN_UNDECLARED_SELECTOR = YES;
				GCC_WARN_UNINITIALIZED_AUTOS = YES_AGGRESSIVE;
				GCC_WARN_UNUSED_FUNCTION = YES;
				GCC_WARN_UNUSED_VARIABLE = YES;
				IPHONEOS_DEPLOYMENT_TARGET = 9.2;
				MTL_ENABLE_DEBUG_INFO = NO;
				SDKROOT = iphoneos;
				VALIDATE_PRODUCT = YES;
			};
			name = Release;
		};
		11A0872D1CE2FB390006D2D3 /* Debug */ = {
			isa = XCBuildConfiguration;
			buildSettings = {
				ASSETCATALOG_COMPILER_APPICON_NAME = AppIcon;
				CODE_SIGN_IDENTITY = "iPhone Developer";
				INFOPLIST_FILE = BanYuanProgress/Info.plist;
				LD_RUNPATH_SEARCH_PATHS = "$(inherited) @executable_path/Frameworks";
				PRODUCT_BUNDLE_IDENTIFIER = qianduoduo.BanYuanProg;
				PRODUCT_NAME = "$(TARGET_NAME)";
			};
			name = Debug;
		};
		11A0872E1CE2FB390006D2D3 /* Release */ = {
			isa = XCBuildConfiguration;
			buildSettings = {
				ASSETCATALOG_COMPILER_APPICON_NAME = AppIcon;
				CODE_SIGN_IDENTITY = "iPhone Developer";
				INFOPLIST_FILE = BanYuanProgress/Info.plist;
				LD_RUNPATH_SEARCH_PATHS = "$(inherited) @executable_path/Frameworks";
				PRODUCT_BUNDLE_IDENTIFIER = qianduoduo.BanYuanProg;
				PRODUCT_NAME = "$(TARGET_NAME)";
			};
			name = Release;
		};
		11A087301CE2FB390006D2D3 /* Debug */ = {
			isa = XCBuildConfiguration;
			buildSettings = {
				BUNDLE_LOADER = "$(TEST_HOST)";
				INFOPLIST_FILE = BanYuanProgressTests/Info.plist;
				LD_RUNPATH_SEARCH_PATHS = "$(inherited) @executable_path/Frameworks @loader_path/Frameworks";
				PRODUCT_BUNDLE_IDENTIFIER = qianduoduo.BanYuanProgressTests;
				PRODUCT_NAME = "$(TARGET_NAME)";
				TEST_HOST = "$(BUILT_PRODUCTS_DIR)/BanYuanProgress.app/BanYuanProgress";
			};
			name = Debug;
		};
		11A087311CE2FB390006D2D3 /* Release */ = {
			isa = XCBuildConfiguration;
			buildSettings = {
				BUNDLE_LOADER = "$(TEST_HOST)";
				INFOPLIST_FILE = BanYuanProgressTests/Info.plist;
				LD_RUNPATH_SEARCH_PATHS = "$(inherited) @executable_path/Frameworks @loader_path/Frameworks";
				PRODUCT_BUNDLE_IDENTIFIER = qianduoduo.BanYuanProgressTests;
				PRODUCT_NAME = "$(TARGET_NAME)";
				TEST_HOST = "$(BUILT_PRODUCTS_DIR)/BanYuanProgress.app/BanYuanProgress";
			};
			name = Release;
		};
		11A087331CE2FB390006D2D3 /* Debug */ = {
			isa = XCBuildConfiguration;
			buildSettings = {
				INFOPLIST_FILE = BanYuanProgressUITests/Info.plist;
				LD_RUNPATH_SEARCH_PATHS = "$(inherited) @executable_path/Frameworks @loader_path/Frameworks";
				PRODUCT_BUNDLE_IDENTIFIER = qianduoduo.BanYuanProgressUITests;
				PRODUCT_NAME = "$(TARGET_NAME)";
				TEST_TARGET_NAME = BanYuanProgress;
				USES_XCTRUNNER = YES;
			};
			name = Debug;
		};
		11A087341CE2FB390006D2D3 /* Release */ = {
			isa = XCBuildConfiguration;
			buildSettings = {
				INFOPLIST_FILE = BanYuanProgressUITests/Info.plist;
				LD_RUNPATH_SEARCH_PATHS = "$(inherited) @executable_path/Frameworks @loader_path/Frameworks";
				PRODUCT_BUNDLE_IDENTIFIER = qianduoduo.BanYuanProgressUITests;
				PRODUCT_NAME = "$(TARGET_NAME)";
				TEST_TARGET_NAME = BanYuanProgress;
				USES_XCTRUNNER = YES;
			};
			name = Release;
		};
/* End XCBuildConfiguration section */

/* Begin XCConfigurationList section */
		11A086FF1CE2FB390006D2D3 /* Build configuration list for PBXProject "BanYuanProgress" */ = {
			isa = XCConfigurationList;
			buildConfigurations = (
				11A0872A1CE2FB390006D2D3 /* Debug */,
				11A0872B1CE2FB390006D2D3 /* Release */,
			);
			defaultConfigurationIsVisible = 0;
			defaultConfigurationName = Release;
		};
		11A0872C1CE2FB390006D2D3 /* Build configuration list for PBXNativeTarget "BanYuanProgress" */ = {
			isa = XCConfigurationList;
			buildConfigurations = (
				11A0872D1CE2FB390006D2D3 /* Debug */,
				11A0872E1CE2FB390006D2D3 /* Release */,
			);
			defaultConfigurationIsVisible = 0;
			defaultConfigurationName = Release;
		};
		11A0872F1CE2FB390006D2D3 /* Build configuration list for PBXNativeTarget "BanYuanProgressTests" */ = {
			isa = XCConfigurationList;
			buildConfigurations = (
				11A087301CE2FB390006D2D3 /* Debug */,
				11A087311CE2FB390006D2D3 /* Release */,
			);
			defaultConfigurationIsVisible = 0;
			defaultConfigurationName = Release;
		};
		11A087321CE2FB390006D2D3 /* Build configuration list for PBXNativeTarget "BanYuanProgressUITests" */ = {
			isa = XCConfigurationList;
			buildConfigurations = (
				11A087331CE2FB390006D2D3 /* Debug */,
				11A087341CE2FB390006D2D3 /* Release */,
			);
			defaultConfigurationIsVisible = 0;
			defaultConfigurationName = Release;
		};
/* End XCConfigurationList section */
	};
	rootObject = 11A086FC1CE2FB390006D2D3 /* Project object */;
}
